
Microsoft Visual Studio Solution File, Format Version 12.00
# Visual Studio Version 16
VisualStudioVersion = 16.0.32510.428
MinimumVisualStudioVersion = 10.0.40219.1
Project("{9A19103F-16F7-4668-BE54-9A1E7A4F7556}") = "ProductGrpc", "ProductGrpc\ProductGrpc.csproj", "{9C963419-E52A-40DA-8E2E-5AED37640066}"
EndProject
Project("{9A19103F-16F7-4668-BE54-9A1E7A4F7556}") = "ProductGrpcClient", "ProductGrpcClient\ProductGrpcClient.csproj", "{860E4D81-5561-41ED-B176-2BB0273AD09B}"
EndProject
Project("{9A19103F-16F7-4668-BE54-9A1E7A4F7556}") = "ProjectWorkerService", "ProjectWorkerService\ProjectWorkerService.csproj", "{BC0EA2DC-B65D-4D61-81D9-B9ED19B93042}"
EndProject
Project("{2150E333-8FDC-42A3-9474-1A3956D46DE8}") = "Product", "Product", "{6D07338E-84F0-4BE9-9F8B-67B4CB0692BB}"
EndProject
Project("{2150E333-8FDC-42A3-9474-1A3956D46DE8}") = "ShoppingCart", "ShoppingCart", "{F199429F-E61C-4481-AC5C-88714407386C}"
EndProject
Project("{9A19103F-16F7-4668-BE54-9A1E7A4F7556}") = "ShoppingCartGrpc", "ShoppingCartGrpc\ShoppingCartGrpc.csproj", "{C3C5E58E-570F-4E5D-BD74-2C232562D10E}"
EndProject
Global
	GlobalSection(SolutionConfigurationPlatforms) = preSolution
		Debug|Any CPU = Debug|Any CPU
		Release|Any CPU = Release|Any CPU
	EndGlobalSection
	GlobalSection(ProjectConfigurationPlatforms) = postSolution
		{9C963419-E52A-40DA-8E2E-5AED37640066}.Debug|Any CPU.ActiveCfg = Debug|Any CPU
		{9C963419-E52A-40DA-8E2E-5AED37640066}.Debug|Any CPU.Build.0 = Debug|Any CPU
		{9C963419-E52A-40DA-8E2E-5AED37640066}.Release|Any CPU.ActiveCfg = Release|Any CPU
		{9C963419-E52A-40DA-8E2E-5AED37640066}.Release|Any CPU.Build.0 = Release|Any CPU
		{860E4D81-5561-41ED-B176-2BB0273AD09B}.Debug|Any CPU.ActiveCfg = Debug|Any CPU
		{860E4D81-5561-41ED-B176-2BB0273AD09B}.Debug|Any CPU.Build.0 = Debug|Any CPU
		{860E4D81-5561-41ED-B176-2BB0273AD09B}.Release|Any CPU.ActiveCfg = Release|Any CPU
		{860E4D81-5561-41ED-B176-2BB0273AD09B}.Release|Any CPU.Build.0 = Release|Any CPU
		{BC0EA2DC-B65D-4D61-81D9-B9ED19B93042}.Debug|Any CPU.ActiveCfg = Debug|Any CPU
		{BC0EA2DC-B65D-4D61-81D9-B9ED19B93042}.Debug|Any CPU.Build.0 = Debug|Any CPU
		{BC0EA2DC-B65D-4D61-81D9-B9ED19B93042}.Release|Any CPU.ActiveCfg = Release|Any CPU
		{BC0EA2DC-B65D-4D61-81D9-B9ED19B93042}.Release|Any CPU.Build.0 = Release|Any CPU
		{C3C5E58E-570F-4E5D-BD74-2C232562D10E}.Debug|Any CPU.ActiveCfg = Debug|Any CPU
		{C3C5E58E-570F-4E5D-BD74-2C232562D10E}.Debug|Any CPU.Build.0 = Debug|Any CPU
		{C3C5E58E-570F-4E5D-BD74-2C232562D10E}.Release|Any CPU.ActiveCfg = Release|Any CPU
		{C3C5E58E-570F-4E5D-BD74-2C232562D10E}.Release|Any CPU.Build.0 = Release|Any CPU
	EndGlobalSection
	GlobalSection(SolutionProperties) = preSolution
		HideSolutionNode = FALSE
	EndGlobalSection
	GlobalSection(NestedProjects) = preSolution
		{9C963419-E52A-40DA-8E2E-5AED37640066} = {6D07338E-84F0-4BE9-9F8B-67B4CB0692BB}
		{860E4D81-5561-41ED-B176-2BB0273AD09B} = {6D07338E-84F0-4BE9-9F8B-67B4CB0692BB}
		{BC0EA2DC-B65D-4D61-81D9-B9ED19B93042} = {6D07338E-84F0-4BE9-9F8B-67B4CB0692BB}
		{C3C5E58E-570F-4E5D-BD74-2C232562D10E} = {F199429F-E61C-4481-AC5C-88714407386C}
	EndGlobalSection
	GlobalSection(ExtensibilityGlobals) = postSolution
		SolutionGuid = {BD02B787-46C6-4CEE-95CD-5ACB9BD2BB3C}
	EndGlobalSection
EndGlobal
